
Microsoft Visual Studio Solution File, Format Version 12.00
# Visual Studio Version 17
VisualStudioVersion = 17.10.35122.118
MinimumVisualStudioVersion = 10.0.40219.1
Project("{FAE04EC0-301F-11D3-BF4B-00C04F79EFBC}") = "RAB24_Module01_Skills", "RAB24_Module01_Skills\RAB24_Module01_Skills.csproj", "{29EAE6D4-CF65-421F-861D-3170FBCC1DBA}"
EndProject
Global
	GlobalSection(SolutionConfigurationPlatforms) = preSolution
		Debug R20|Any CPU = Debug R20|Any CPU
		Debug R21|Any CPU = Debug R21|Any CPU
		Debug R22|Any CPU = Debug R22|Any CPU
		Debug R23|Any CPU = Debug R23|Any CPU
		Debug R24|Any CPU = Debug R24|Any CPU
		Debug R25|Any CPU = Debug R25|Any CPU
		Release R20|Any CPU = Release R20|Any CPU
		Release R21|Any CPU = Release R21|Any CPU
		Release R22|Any CPU = Release R22|Any CPU
		Release R23|Any CPU = Release R23|Any CPU
		Release R24|Any CPU = Release R24|Any CPU
		Release R25|Any CPU = Release R25|Any CPU
	EndGlobalSection
	GlobalSection(ProjectConfigurationPlatforms) = postSolution
		{29EAE6D4-CF65-421F-861D-3170FBCC1DBA}.Debug R20|Any CPU.ActiveCfg = Debug R20|Any CPU
		{29EAE6D4-CF65-421F-861D-3170FBCC1DBA}.Debug R20|Any CPU.Build.0 = Debug R20|Any CPU
		{29EAE6D4-CF65-421F-861D-3170FBCC1DBA}.Debug R21|Any CPU.ActiveCfg = Debug R21|Any CPU
		{29EAE6D4-CF65-421F-861D-3170FBCC1DBA}.Debug R21|Any CPU.Build.0 = Debug R21|Any CPU
		{29EAE6D4-CF65-421F-861D-3170FBCC1DBA}.Debug R22|Any CPU.ActiveCfg = Debug R22|Any CPU
		{29EAE6D4-CF65-421F-861D-3170FBCC1DBA}.Debug R22|Any CPU.Build.0 = Debug R22|Any CPU
		{29EAE6D4-CF65-421F-861D-3170FBCC1DBA}.Debug R23|Any CPU.ActiveCfg = Debug R23|Any CPU
		{29EAE6D4-CF65-421F-861D-3170FBCC1DBA}.Debug R23|Any CPU.Build.0 = Debug R23|Any CPU
		{29EAE6D4-CF65-421F-861D-3170FBCC1DBA}.Debug R24|Any CPU.ActiveCfg = Debug R24|Any CPU
		{29EAE6D4-CF65-421F-861D-3170FBCC1DBA}.Debug R24|Any CPU.Build.0 = Debug R24|Any CPU
		{29EAE6D4-CF65-421F-861D-3170FBCC1DBA}.Debug R25|Any CPU.ActiveCfg = Debug R25|Any CPU
		{29EAE6D4-CF65-421F-861D-3170FBCC1DBA}.Debug R25|Any CPU.Build.0 = Debug R25|Any CPU
		{29EAE6D4-CF65-421F-861D-3170FBCC1DBA}.Release R20|Any CPU.ActiveCfg = Release R20|Any CPU
		{29EAE6D4-CF65-421F-861D-3170FBCC1DBA}.Release R20|Any CPU.Build.0 = Release R20|Any CPU
		{29EAE6D4-CF65-421F-861D-3170FBCC1DBA}.Release R21|Any CPU.ActiveCfg = Release R21|Any CPU
		{29EAE6D4-CF65-421F-861D-3170FBCC1DBA}.Release R21|Any CPU.Build.0 = Release R21|Any CPU
		{29EAE6D4-CF65-421F-861D-3170FBCC1DBA}.Release R22|Any CPU.ActiveCfg = Release R22|Any CPU
		{29EAE6D4-CF65-421F-861D-3170FBCC1DBA}.Release R22|Any CPU.Build.0 = Release R22|Any CPU
		{29EAE6D4-CF65-421F-861D-3170FBCC1DBA}.Release R23|Any CPU.ActiveCfg = Release R23|Any CPU
		{29EAE6D4-CF65-421F-861D-3170FBCC1DBA}.Release R23|Any CPU.Build.0 = Release R23|Any CPU
		{29EAE6D4-CF65-421F-861D-3170FBCC1DBA}.Release R24|Any CPU.ActiveCfg = Release R24|Any CPU
		{29EAE6D4-CF65-421F-861D-3170FBCC1DBA}.Release R24|Any CPU.Build.0 = Release R24|Any CPU
		{29EAE6D4-CF65-421F-861D-3170FBCC1DBA}.Release R25|Any CPU.ActiveCfg = Release R25|Any CPU
		{29EAE6D4-CF65-421F-861D-3170FBCC1DBA}.Release R25|Any CPU.Build.0 = Release R25|Any CPU
	EndGlobalSection
	GlobalSection(SolutionProperties) = preSolution
		HideSolutionNode = FALSE
	EndGlobalSection
	GlobalSection(ExtensibilityGlobals) = postSolution
		SolutionGuid = {D80AC3BF-7E71-4833-9070-D0813DD41DFD}
	EndGlobalSection
EndGlobal
